
Microsoft Visual Studio Solution File, Format Version 12.00
# Visual Studio 15
VisualStudioVersion = 15.0.27520.0
MinimumVisualStudioVersion = 10.0.40219.1
Project("{FAE04EC0-301F-11D3-BF4B-00C04F79EFBC}") = "netcoreConsole", "netcoreConsole\netcoreConsole.csproj", "{F874C521-6CCE-4EF0-BF29-DE0A731C24E2}"
EndProject
Global
	GlobalSection(SolutionConfigurationPlatforms) = preSolution
		Debug|Any CPU = Debug|Any CPU
		Release|Any CPU = Release|Any CPU
	EndGlobalSection
	GlobalSection(ProjectConfigurationPlatforms) = postSolution
		{F874C521-6CCE-4EF0-BF29-DE0A731C24E2}.Debug|Any CPU.ActiveCfg = Debug|Any CPU
		{F874C521-6CCE-4EF0-BF29-DE0A731C24E2}.Debug|Any CPU.Build.0 = Debug|Any CPU
		{F874C521-6CCE-4EF0-BF29-DE0A731C24E2}.Release|Any CPU.ActiveCfg = Release|Any CPU
		{F874C521-6CCE-4EF0-BF29-DE0A731C24E2}.Release|Any CPU.Build.0 = Release|Any CPU
	EndGlobalSection
	GlobalSection(SolutionProperties) = preSolution
		HideSolutionNode = FALSE
	EndGlobalSection
	GlobalSection(ExtensibilityGlobals) = postSolution
		SolutionGuid = {D3ED2723-479B-488E-B1E0-B89E880FC329}
	EndGlobalSection
EndGlobal
